
Microsoft Visual Studio Solution File, Format Version 12.00
# Visual Studio Version 16
VisualStudioVersion = 16.0.29009.5
MinimumVisualStudioVersion = 10.0.40219.1
Project("{FAE04EC0-301F-11D3-BF4B-00C04F79EFBC}") = "Final_150402003", "Final_150402003.csproj", "{9E7E3824-FA5F-44B3-BCCE-5A00FB38F105}"
EndProject
Global
	GlobalSection(SolutionConfigurationPlatforms) = preSolution
		Debug|Any CPU = Debug|Any CPU
		Release|Any CPU = Release|Any CPU
	EndGlobalSection
	GlobalSection(ProjectConfigurationPlatforms) = postSolution
		{9E7E3824-FA5F-44B3-BCCE-5A00FB38F105}.Debug|Any CPU.ActiveCfg = Debug|Any CPU
		{9E7E3824-FA5F-44B3-BCCE-5A00FB38F105}.Debug|Any CPU.Build.0 = Debug|Any CPU
		{9E7E3824-FA5F-44B3-BCCE-5A00FB38F105}.Release|Any CPU.ActiveCfg = Release|Any CPU
		{9E7E3824-FA5F-44B3-BCCE-5A00FB38F105}.Release|Any CPU.Build.0 = Release|Any CPU
	EndGlobalSection
	GlobalSection(SolutionProperties) = preSolution
		HideSolutionNode = FALSE
	EndGlobalSection
	GlobalSection(ExtensibilityGlobals) = postSolution
		SolutionGuid = {EC631B88-7ABF-4E49-B021-A011DEB425A4}
	EndGlobalSection
EndGlobal
